// !$*UTF8*$!
{
	archiveVersion = 1;
	classes = {
	};
	objectVersion = 46;
	objects = {

/* Begin PBXBuildFile section */
		C6EE24691E4C5BED000B5192 /* AppDelegate.swift in Sources */ = {isa = PBXBuildFile; fileRef = C6EE24681E4C5BED000B5192 /* AppDelegate.swift */; };
		C6EE246B1E4C5BED000B5192 /* ViewController.swift in Sources */ = {isa = PBXBuildFile; fileRef = C6EE246A1E4C5BED000B5192 /* ViewController.swift */; };
		C6EE246E1E4C5BED000B5192 /* Main.storyboard in Resources */ = {isa = PBXBuildFile; fileRef = C6EE246C1E4C5BED000B5192 /* Main.storyboard */; };
		C6EE24711E4C5BED000B5192 /* WorkPoker.xcdatamodeld in Sources */ = {isa = PBXBuildFile; fileRef = C6EE246F1E4C5BED000B5192 /* WorkPoker.xcdatamodeld */; };
		C6EE24731E4C5BED000B5192 /* Assets.xcassets in Resources */ = {isa = PBXBuildFile; fileRef = C6EE24721E4C5BED000B5192 /* Assets.xcassets */; };
		C6EE24761E4C5BED000B5192 /* LaunchScreen.storyboard in Resources */ = {isa = PBXBuildFile; fileRef = C6EE24741E4C5BED000B5192 /* LaunchScreen.storyboard */; };
		C6EE247E1E4CAF78000B5192 /* DataManager.swift in Sources */ = {isa = PBXBuildFile; fileRef = C6EE247D1E4CAF78000B5192 /* DataManager.swift */; };
		C6EE24801E4DA590000B5192 /* InputView.swift in Sources */ = {isa = PBXBuildFile; fileRef = C6EE247F1E4DA58F000B5192 /* InputView.swift */; };
		C6EE24821E4DA59E000B5192 /* InputView.xib in Resources */ = {isa = PBXBuildFile; fileRef = C6EE24811E4DA59E000B5192 /* InputView.xib */; };
		F0F46C6040536AEAD5FD487F /* Pods_WorkPoker.framework in Frameworks */ = {isa = PBXBuildFile; fileRef = C2FD13FBB769966BA8DFC3B1 /* Pods_WorkPoker.framework */; };
/* End PBXBuildFile section */

/* Begin PBXFileReference section */
		044081C180FBDDF51336E749 /* Pods-WorkPoker.debug.xcconfig */ = {isa = PBXFileReference; includeInIndex = 1; lastKnownFileType = text.xcconfig; name = "Pods-WorkPoker.debug.xcconfig"; path = "Pods/Target Support Files/Pods-WorkPoker/Pods-WorkPoker.debug.xcconfig"; sourceTree = "<group>"; };
		32931DE79831FC4EDFA21FE5 /* Pods-WorkPoker.release.xcconfig */ = {isa = PBXFileReference; includeInIndex = 1; lastKnownFileType = text.xcconfig; name = "Pods-WorkPoker.release.xcconfig"; path = "Pods/Target Support Files/Pods-WorkPoker/Pods-WorkPoker.release.xcconfig"; sourceTree = "<group>"; };
		C2FD13FBB769966BA8DFC3B1 /* Pods_WorkPoker.framework */ = {isa = PBXFileReference; explicitFileType = wrapper.framework; includeInIndex = 0; path = Pods_WorkPoker.framework; sourceTree = BUILT_PRODUCTS_DIR; };
		C6EE24651E4C5BED000B5192 /* WorkPoker.app */ = {isa = PBXFileReference; explicitFileType = wrapper.application; includeInIndex = 0; path = WorkPoker.app; sourceTree = BUILT_PRODUCTS_DIR; };
		C6EE24681E4C5BED000B5192 /* AppDelegate.swift */ = {isa = PBXFileReference; lastKnownFileType = sourcecode.swift; path = AppDelegate.swift; sourceTree = "<group>"; };
		C6EE246A1E4C5BED000B5192 /* ViewController.swift */ = {isa = PBXFileReference; lastKnownFileType = sourcecode.swift; path = ViewController.swift; sourceTree = "<group>"; };
		C6EE246D1E4C5BED000B5192 /* Base */ = {isa = PBXFileReference; lastKnownFileType = file.storyboard; name = Base; path = Base.lproj/Main.storyboard; sourceTree = "<group>"; };
		C6EE24701E4C5BED000B5192 /* WorkPoker.xcdatamodel */ = {isa = PBXFileReference; lastKnownFileType = wrapper.xcdatamodel; path = WorkPoker.xcdatamodel; sourceTree = "<group>"; };
		C6EE24721E4C5BED000B5192 /* Assets.xcassets */ = {isa = PBXFileReference; lastKnownFileType = folder.assetcatalog; path = Assets.xcassets; sourceTree = "<group>"; };
		C6EE24751E4C5BED000B5192 /* Base */ = {isa = PBXFileReference; lastKnownFileType = file.storyboard; name = Base; path = Base.lproj/LaunchScreen.storyboard; sourceTree = "<group>"; };
		C6EE24771E4C5BED000B5192 /* Info.plist */ = {isa = PBXFileReference; lastKnownFileType = text.plist.xml; path = Info.plist; sourceTree = "<group>"; };
		C6EE247D1E4CAF78000B5192 /* DataManager.swift */ = {isa = PBXFileReference; fileEncoding = 4; lastKnownFileType = sourcecode.swift; path = DataManager.swift; sourceTree = "<group>"; };
		C6EE247F1E4DA58F000B5192 /* InputView.swift */ = {isa = PBXFileReference; fileEncoding = 4; lastKnownFileType = sourcecode.swift; path = InputView.swift; sourceTree = "<group>"; };
		C6EE24811E4DA59E000B5192 /* InputView.xib */ = {isa = PBXFileReference; fileEncoding = 4; lastKnownFileType = file.xib; path = InputView.xib; sourceTree = "<group>"; };
/* End PBXFileReference section */

/* Begin PBXFrameworksBuildPhase section */
		C6EE24621E4C5BED000B5192 /* Frameworks */ = {
			isa = PBXFrameworksBuildPhase;
			buildActionMask = 2147483647;
			files = (
				F0F46C6040536AEAD5FD487F /* Pods_WorkPoker.framework in Frameworks */,
			);
			runOnlyForDeploymentPostprocessing = 0;
		};
/* End PBXFrameworksBuildPhase section */

/* Begin PBXGroup section */
		64EA2B417F611DFD927366D7 /* Pods */ = {
			isa = PBXGroup;
			children = (
				044081C180FBDDF51336E749 /* Pods-WorkPoker.debug.xcconfig */,
				32931DE79831FC4EDFA21FE5 /* Pods-WorkPoker.release.xcconfig */,
			);
			name = Pods;
			sourceTree = "<group>";
		};
		C6EE245C1E4C5BED000B5192 = {
			isa = PBXGroup;
			children = (
				C6EE24671E4C5BED000B5192 /* WorkPoker */,
				C6EE24661E4C5BED000B5192 /* Products */,
				64EA2B417F611DFD927366D7 /* Pods */,
				E35D2586A7E4A556B29AA764 /* Frameworks */,
			);
			sourceTree = "<group>";
		};
		C6EE24661E4C5BED000B5192 /* Products */ = {
			isa = PBXGroup;
			children = (
				C6EE24651E4C5BED000B5192 /* WorkPoker.app */,
			);
			name = Products;
			sourceTree = "<group>";
		};
		C6EE24671E4C5BED000B5192 /* WorkPoker */ = {
			isa = PBXGroup;
			children = (
				C6EE24681E4C5BED000B5192 /* AppDelegate.swift */,
				C6EE246A1E4C5BED000B5192 /* ViewController.swift */,
				C6EE246C1E4C5BED000B5192 /* Main.storyboard */,
				C6EE24721E4C5BED000B5192 /* Assets.xcassets */,
				C6EE24741E4C5BED000B5192 /* LaunchScreen.storyboard */,
				C6EE247F1E4DA58F000B5192 /* InputView.swift */,
				C6EE24811E4DA59E000B5192 /* InputView.xib */,
				C6EE247D1E4CAF78000B5192 /* DataManager.swift */,
				C6EE24771E4C5BED000B5192 /* Info.plist */,
				C6EE246F1E4C5BED000B5192 /* WorkPoker.xcdatamodeld */,
			);
			path = WorkPoker;
			sourceTree = "<group>";
		};
		E35D2586A7E4A556B29AA764 /* Frameworks */ = {
			isa = PBXGroup;
			children = (
				C2FD13FBB769966BA8DFC3B1 /* Pods_WorkPoker.framework */,
			);
			name = Frameworks;
			sourceTree = "<group>";
		};
/* End PBXGroup section */

/* Begin PBXNativeTarget section */
		C6EE24641E4C5BED000B5192 /* WorkPoker */ = {
			isa = PBXNativeTarget;
			buildConfigurationList = C6EE247A1E4C5BED000B5192 /* Build configuration list for PBXNativeTarget "WorkPoker" */;
			buildPhases = (
				C2946BC919BB24E15DF6B45D /* [CP] Check Pods Manifest.lock */,
				C6EE24611E4C5BED000B5192 /* Sources */,
				C6EE24621E4C5BED000B5192 /* Frameworks */,
				C6EE24631E4C5BED000B5192 /* Resources */,
				6E65257EB6D2EB021E6AAA36 /* [CP] Embed Pods Frameworks */,
				1FFE0BCB3FBE413046871C7F /* [CP] Copy Pods Resources */,
			);
			buildRules = (
			);
			dependencies = (
			);
			name = WorkPoker;
			productName = WorkPoker;
			productReference = C6EE24651E4C5BED000B5192 /* WorkPoker.app */;
			productType = "com.apple.product-type.application";
		};
/* End PBXNativeTarget section */

/* Begin PBXProject section */
		C6EE245D1E4C5BED000B5192 /* Project object */ = {
			isa = PBXProject;
			attributes = {
				LastSwiftUpdateCheck = 0820;
				LastUpgradeCheck = 0820;
				ORGANIZATIONNAME = BY;
				TargetAttributes = {
					C6EE24641E4C5BED000B5192 = {
						CreatedOnToolsVersion = 8.2.1;
						DevelopmentTeam = J8L6CLSPA8;
						ProvisioningStyle = Automatic;
					};
				};
			};
			buildConfigurationList = C6EE24601E4C5BED000B5192 /* Build configuration list for PBXProject "WorkPoker" */;
			compatibilityVersion = "Xcode 3.2";
			developmentRegion = English;
			hasScannedForEncodings = 0;
			knownRegions = (
				en,
				Base,
			);
			mainGroup = C6EE245C1E4C5BED000B5192;
			productRefGroup = C6EE24661E4C5BED000B5192 /* Products */;
			projectDirPath = "";
			projectRoot = "";
			targets = (
				C6EE24641E4C5BED000B5192 /* WorkPoker */,
			);
		};
/* End PBXProject section */

/* Begin PBXResourcesBuildPhase section */
		C6EE24631E4C5BED000B5192 /* Resources */ = {
			isa = PBXResourcesBuildPhase;
			buildActionMask = 2147483647;
			files = (
				C6EE24761E4C5BED000B5192 /* LaunchScreen.storyboard in Resources */,
				C6EE24821E4DA59E000B5192 /* InputView.xib in Resources */,
				C6EE24731E4C5BED000B5192 /* Assets.xcassets in Resources */,
				C6EE246E1E4C5BED000B5192 /* Main.storyboard in Resources */,
			);
			runOnlyForDeploymentPostprocessing = 0;
		};
/* End PBXResourcesBuildPhase section */

/* Begin PBXShellScriptBuildPhase section */
		1FFE0BCB3FBE413046871C7F /* [CP] Copy Pods Resources */ = {
			isa = PBXShellScriptBuildPhase;
			buildActionMask = 2147483647;
			files = (
			);
			inputPaths = (
			);
			name = "[CP] Copy Pods Resources";
			outputPaths = (
			);
			runOnlyForDeploymentPostprocessing = 0;
			shellPath = /bin/sh;
			shellScript = "\"${SRCROOT}/Pods/Target Support Files/Pods-WorkPoker/Pods-WorkPoker-resources.sh\"\n";
			showEnvVarsInLog = 0;
		};
		6E65257EB6D2EB021E6AAA36 /* [CP] Embed Pods Frameworks */ = {
			isa = PBXShellScriptBuildPhase;
			buildActionMask = 2147483647;
			files = (
			);
			inputPaths = (
			);
			name = "[CP] Embed Pods Frameworks";
			outputPaths = (
			);
			runOnlyForDeploymentPostprocessing = 0;
			shellPath = /bin/sh;
			shellScript = "\"${SRCROOT}/Pods/Target Support Files/Pods-WorkPoker/Pods-WorkPoker-frameworks.sh\"\n";
			showEnvVarsInLog = 0;
		};
		C2946BC919BB24E15DF6B45D /* [CP] Check Pods Manifest.lock */ = {
			isa = PBXShellScriptBuildPhase;
			buildActionMask = 2147483647;
			files = (
			);
			inputPaths = (
			);
			name = "[CP] Check Pods Manifest.lock";
			outputPaths = (
			);
			runOnlyForDeploymentPostprocessing = 0;
			shellPath = /bin/sh;
			shellScript = "diff \"${PODS_ROOT}/../Podfile.lock\" \"${PODS_ROOT}/Manifest.lock\" > /dev/null\nif [ $? != 0 ] ; then\n    # print error to STDERR\n    echo \"error: The sandbox is not in sync with the Podfile.lock. Run 'pod install' or update your CocoaPods installation.\" >&2\n    exit 1\nfi\n";
			showEnvVarsInLog = 0;
		};
/* End PBXShellScriptBuildPhase section */

/* Begin PBXSourcesBuildPhase section */
		C6EE24611E4C5BED000B5192 /* Sources */ = {
			isa = PBXSourcesBuildPhase;
			buildActionMask = 2147483647;
			files = (
				C6EE246B1E4C5BED000B5192 /* ViewController.swift in Sources */,
				C6EE247E1E4CAF78000B5192 /* DataManager.swift in Sources */,
				C6EE24801E4DA590000B5192 /* InputView.swift in Sources */,
				C6EE24691E4C5BED000B5192 /* AppDelegate.swift in Sources */,
				C6EE24711E4C5BED000B5192 /* WorkPoker.xcdatamodeld in Sources */,
			);
			runOnlyForDeploymentPostprocessing = 0;
		};
/* End PBXSourcesBuildPhase section */

/* Begin PBXVariantGroup section */
		C6EE246C1E4C5BED000B5192 /* Main.storyboard */ = {
			isa = PBXVariantGroup;
			children = (
				C6EE246D1E4C5BED000B5192 /* Base */,
			);
			name = Main.storyboard;
			sourceTree = "<group>";
		};
		C6EE24741E4C5BED000B5192 /* LaunchScreen.storyboard */ = {
			isa = PBXVariantGroup;
			children = (
				C6EE24751E4C5BED000B5192 /* Base */,
			);
			name = LaunchScreen.storyboard;
			sourceTree = "<group>";
		};
/* End PBXVariantGroup section */

/* Begin XCBuildConfiguration section */
		C6EE24781E4C5BED000B5192 /* Debug */ = {
			isa = XCBuildConfiguration;
			buildSettings = {
				ALWAYS_SEARCH_USER_PATHS = NO;
				CLANG_ANALYZER_NONNULL = YES;
				CLANG_CXX_LANGUAGE_STANDARD = "gnu++0x";
				CLANG_CXX_LIBRARY = "libc++";
				CLANG_ENABLE_MODULES = YES;
				CLANG_ENABLE_OBJC_ARC = YES;
				CLANG_WARN_BOOL_CONVERSION = YES;
				CLANG_WARN_CONSTANT_CONVERSION = YES;
				CLANG_WARN_DIRECT_OBJC_ISA_USAGE = YES_ERROR;
				CLANG_WARN_DOCUMENTATION_COMMENTS = YES;
				CLANG_WARN_EMPTY_BODY = YES;
				CLANG_WARN_ENUM_CONVERSION = YES;
				CLANG_WARN_INFINITE_RECURSION = YES;
				CLANG_WARN_INT_CONVERSION = YES;
				CLANG_WARN_OBJC_ROOT_CLASS = YES_ERROR;
				CLANG_WARN_SUSPICIOUS_MOVE = YES;
				CLANG_WARN_UNREACHABLE_CODE = YES;
				CLANG_WARN__DUPLICATE_METHOD_MATCH = YES;
				"CODE_SIGN_IDENTITY[sdk=iphoneos*]" = "iPhone Developer";
				COPY_PHASE_STRIP = NO;
				DEBUG_INFORMATION_FORMAT = dwarf;
				ENABLE_STRICT_OBJC_MSGSEND = YES;
				ENABLE_TESTABILITY = YES;
				GCC_C_LANGUAGE_STANDARD = gnu99;
				GCC_DYNAMIC_NO_PIC = NO;
				GCC_NO_COMMON_BLOCKS = YES;
				GCC_OPTIMIZATION_LEVEL = 0;
				GCC_PREPROCESSOR_DEFINITIONS = (
					"DEBUG=1",
					"$(inherited)",
				);
				GCC_WARN_64_TO_32_BIT_CONVERSION = YES;
				GCC_WARN_ABOUT_RETURN_TYPE = YES_ERROR;
				GCC_WARN_UNDECLARED_SELECTOR = YES;
				GCC_WARN_UNINITIALIZED_AUTOS = YES_AGGRESSIVE;
				GCC_WARN_UNUSED_FUNCTION = YES;
				GCC_WARN_UNUSED_VARIABLE = YES;
				IPHONEOS_DEPLOYMENT_TARGET = 10.2;
				MTL_ENABLE_DEBUG_INFO = YES;
				ONLY_ACTIVE_ARCH = YES;
				SDKROOT = iphoneos;
				SWIFT_ACTIVE_COMPILATION_CONDITIONS = DEBUG;
				SWIFT_OPTIMIZATION_LEVEL = "-Onone";
				TARGETED_DEVICE_FAMILY = "1,2";
			};
			name = Debug;
		};
		C6EE24791E4C5BED000B5192 /* Release */ = {
			isa = XCBuildConfiguration;
			buildSettings = {
				ALWAYS_SEARCH_USER_PATHS = NO;
				CLANG_ANALYZER_NONNULL = YES;
				CLANG_CXX_LANGUAGE_STANDARD = "gnu++0x";
				CLANG_CXX_LIBRARY = "libc++";
				CLANG_ENABLE_MODULES = YES;
				CLANG_ENABLE_OBJC_ARC = YES;
				CLANG_WARN_BOOL_CONVERSION = YES;
				CLANG_WARN_CONSTANT_CONVERSION = YES;
				CLANG_WARN_DIRECT_OBJC_ISA_USAGE = YES_ERROR;
				CLANG_WARN_DOCUMENTATION_COMMENTS = YES;
				CLANG_WARN_EMPTY_BODY = YES;
				CLANG_WARN_ENUM_CONVERSION = YES;
				CLANG_WARN_INFINITE_RECURSION = YES;
				CLANG_WARN_INT_CONVERSION = YES;
				CLANG_WARN_OBJC_ROOT_CLASS = YES_ERROR;
				CLANG_WARN_SUSPICIOUS_MOVE = YES;
				CLANG_WARN_UNREACHABLE_CODE = YES;
				CLANG_WARN__DUPLICATE_METHOD_MATCH = YES;
				"CODE_SIGN_IDENTITY[sdk=iphoneos*]" = "iPhone Developer";
				COPY_PHASE_STRIP = NO;
				DEBUG_INFORMATION_FORMAT = "dwarf-with-dsym";
				ENABLE_NS_ASSERTIONS = NO;
				ENABLE_STRICT_OBJC_MSGSEND = YES;
				GCC_C_LANGUAGE_STANDARD = gnu99;
				GCC_NO_COMMON_BLOCKS = YES;
				GCC_WARN_64_TO_32_BIT_CONVERSION = YES;
				GCC_WARN_ABOUT_RETURN_TYPE = YES_ERROR;
				GCC_WARN_UNDECLARED_SELECTOR = YES;
				GCC_WARN_UNINITIALIZED_AUTOS = YES_AGGRESSIVE;
				GCC_WARN_UNUSED_FUNCTION = YES;
				GCC_WARN_UNUSED_VARIABLE = YES;
				IPHONEOS_DEPLOYMENT_TARGET = 10.2;
				MTL_ENABLE_DEBUG_INFO = NO;
				SDKROOT = iphoneos;
				SWIFT_OPTIMIZATION_LEVEL = "-Owholemodule";
				TARGETED_DEVICE_FAMILY = "1,2";
				VALIDATE_PRODUCT = YES;
			};
			name = Release;
		};
		C6EE247B1E4C5BED000B5192 /* Debug */ = {
			isa = XCBuildConfiguration;
			baseConfigurationReference = 044081C180FBDDF51336E749 /* Pods-WorkPoker.debug.xcconfig */;
			buildSettings = {
				ASSETCATALOG_COMPILER_APPICON_NAME = AppIcon;
				DEVELOPMENT_TEAM = J8L6CLSPA8;
				INFOPLIST_FILE = WorkPoker/Info.plist;
				IPHONEOS_DEPLOYMENT_TARGET = 10.0;
				LD_RUNPATH_SEARCH_PATHS = "$(inherited) @executable_path/Frameworks";
				PRODUCT_BUNDLE_IDENTIFIER = com.BY.WordPoker;
				PRODUCT_NAME = "$(TARGET_NAME)";
				SWIFT_VERSION = 3.0;
			};
			name = Debug;
		};
		C6EE247C1E4C5BED000B5192 /* Release */ = {
			isa = XCBuildConfiguration;
			baseConfigurationReference = 32931DE79831FC4EDFA21FE5 /* Pods-WorkPoker.release.xcconfig */;
			buildSettings = {
				ASSETCATALOG_COMPILER_APPICON_NAME = AppIcon;
				DEVELOPMENT_TEAM = J8L6CLSPA8;
				INFOPLIST_FILE = WorkPoker/Info.plist;
				IPHONEOS_DEPLOYMENT_TARGET = 10.0;
				LD_RUNPATH_SEARCH_PATHS = "$(inherited) @executable_path/Frameworks";
				PRODUCT_BUNDLE_IDENTIFIER = com.BY.WordPoker;
				PRODUCT_NAME = "$(TARGET_NAME)";
				SWIFT_VERSION = 3.0;
			};
			name = Release;
		};
/* End XCBuildConfiguration section */

/* Begin XCConfigurationList section */
		C6EE24601E4C5BED000B5192 /* Build configuration list for PBXProject "WorkPoker" */ = {
			isa = XCConfigurationList;
			buildConfigurations = (
				C6EE24781E4C5BED000B5192 /* Debug */,
				C6EE24791E4C5BED000B5192 /* Release */,
			);
			defaultConfigurationIsVisible = 0;
			defaultConfigurationName = Release;
		};
		C6EE247A1E4C5BED000B5192 /* Build configuration list for PBXNativeTarget "WorkPoker" */ = {
			isa = XCConfigurationList;
			buildConfigurations = (
				C6EE247B1E4C5BED000B5192 /* Debug */,
				C6EE247C1E4C5BED000B5192 /* Release */,
			);
			defaultConfigurationIsVisible = 0;
			defaultConfigurationName = Release;
		};
/* End XCConfigurationList section */

/* Begin XCVersionGroup section */
		C6EE246F1E4C5BED000B5192 /* WorkPoker.xcdatamodeld */ = {
			isa = XCVersionGroup;
			children = (
				C6EE24701E4C5BED000B5192 /* WorkPoker.xcdatamodel */,
			);
			currentVersion = C6EE24701E4C5BED000B5192 /* WorkPoker.xcdatamodel */;
			path = WorkPoker.xcdatamodeld;
			sourceTree = "<group>";
			versionGroupType = wrapper.xcdatamodel;
		};
/* End XCVersionGroup section */
	};
	rootObject = C6EE245D1E4C5BED000B5192 /* Project object */;
}
